// !$*UTF8*$!
{
	archiveVersion = 1;
	classes = {
	};
	objectVersion = 50;
	objects = {

/* Begin PBXBuildFile section */
		07256D322282C16500E07819 /* StudentInformationResponse.swift in Sources */ = {isa = PBXBuildFile; fileRef = 07256D312282C16500E07819 /* StudentInformationResponse.swift */; };
		07256D372282C33F00E07819 /* ParseAPI.swift in Sources */ = {isa = PBXBuildFile; fileRef = 07256D362282C33F00E07819 /* ParseAPI.swift */; };
		0736A91A228D4D0700C96825 /* UdacityAPI.swift in Sources */ = {isa = PBXBuildFile; fileRef = 0736A919228D4D0700C96825 /* UdacityAPI.swift */; };
		0736A91C228D4E0300C96825 /* UdacityResponse.swift in Sources */ = {isa = PBXBuildFile; fileRef = 0736A91B228D4E0300C96825 /* UdacityResponse.swift */; };
		0736A91E228D549D00C96825 /* LoginErrorResponse.swift in Sources */ = {isa = PBXBuildFile; fileRef = 0736A91D228D549D00C96825 /* LoginErrorResponse.swift */; };
		0736A920228D5DA600C96825 /* LoginReguest.swift in Sources */ = {isa = PBXBuildFile; fileRef = 0736A91F228D5DA600C96825 /* LoginReguest.swift */; };
		0736A9222290454300C96825 /* User.swift in Sources */ = {isa = PBXBuildFile; fileRef = 0736A9212290454300C96825 /* User.swift */; };
		0736A9242290460B00C96825 /* LogoutResponse.swift in Sources */ = {isa = PBXBuildFile; fileRef = 0736A9232290460B00C96825 /* LogoutResponse.swift */; };
		0736A926229047E500C96825 /* GenerealTabControllers.swift in Sources */ = {isa = PBXBuildFile; fileRef = 0736A925229047E500C96825 /* GenerealTabControllers.swift */; };
		0736A92A22908E2600C96825 /* Alert.swift in Sources */ = {isa = PBXBuildFile; fileRef = 0736A92922908E2600C96825 /* Alert.swift */; };
		0736A92C2293344E00C96825 /* PostNewLocationViewController.swift in Sources */ = {isa = PBXBuildFile; fileRef = 0736A92B2293344E00C96825 /* PostNewLocationViewController.swift */; };
		0736A92E2293348B00C96825 /* NewLocationRequest.swift in Sources */ = {isa = PBXBuildFile; fileRef = 0736A92D2293348B00C96825 /* NewLocationRequest.swift */; };
		0736A930229337B600C96825 /* NewLocationResponse.swift in Sources */ = {isa = PBXBuildFile; fileRef = 0736A92F229337B600C96825 /* NewLocationResponse.swift */; };
		0736A9322293381400C96825 /* FailureNewLocationResponse.swift in Sources */ = {isa = PBXBuildFile; fileRef = 0736A9312293381400C96825 /* FailureNewLocationResponse.swift */; };
		078EBEEA226C7F5B00AAEA13 /* AppDelegate.swift in Sources */ = {isa = PBXBuildFile; fileRef = 078EBEE9226C7F5B00AAEA13 /* AppDelegate.swift */; };
		078EBEEC226C7F5B00AAEA13 /* LoginViewController.swift in Sources */ = {isa = PBXBuildFile; fileRef = 078EBEEB226C7F5B00AAEA13 /* LoginViewController.swift */; };
		078EBEEF226C7F5B00AAEA13 /* Main.storyboard in Resources */ = {isa = PBXBuildFile; fileRef = 078EBEED226C7F5B00AAEA13 /* Main.storyboard */; };
		078EBEF1226C7F5F00AAEA13 /* Assets.xcassets in Resources */ = {isa = PBXBuildFile; fileRef = 078EBEF0226C7F5F00AAEA13 /* Assets.xcassets */; };
		078EBEF4226C7F5F00AAEA13 /* LaunchScreen.storyboard in Resources */ = {isa = PBXBuildFile; fileRef = 078EBEF2226C7F5F00AAEA13 /* LaunchScreen.storyboard */; };
		078EBEFF226C9E6200AAEA13 /* TableViewCell.swift in Sources */ = {isa = PBXBuildFile; fileRef = 078EBEFE226C9E6200AAEA13 /* TableViewCell.swift */; };
		078EBF01226C9FBD00AAEA13 /* StudentInformation.swift in Sources */ = {isa = PBXBuildFile; fileRef = 078EBF00226C9FBD00AAEA13 /* StudentInformation.swift */; };
		078EBF03226CA32000AAEA13 /* OneTheMapStoreInformation.swift in Sources */ = {isa = PBXBuildFile; fileRef = 078EBF02226CA32000AAEA13 /* OneTheMapStoreInformation.swift */; };
		07F276DB22707E5900BA5C8C /* OnTheMapTableViewController.swift in Sources */ = {isa = PBXBuildFile; fileRef = 07F276DA22707E5900BA5C8C /* OnTheMapTableViewController.swift */; };
		07F276DD227192FD00BA5C8C /* InformationPostingView.swift in Sources */ = {isa = PBXBuildFile; fileRef = 07F276DC227192FC00BA5C8C /* InformationPostingView.swift */; };
		07F276DF227197E300BA5C8C /* OnTheMapViewController.swift in Sources */ = {isa = PBXBuildFile; fileRef = 07F276DE227197E300BA5C8C /* OnTheMapViewController.swift */; };
/* End PBXBuildFile section */

/* Begin PBXFileReference section */
		07256D312282C16500E07819 /* StudentInformationResponse.swift */ = {isa = PBXFileReference; lastKnownFileType = sourcecode.swift; path = StudentInformationResponse.swift; sourceTree = "<group>"; };
		07256D362282C33F00E07819 /* ParseAPI.swift */ = {isa = PBXFileReference; lastKnownFileType = sourcecode.swift; path = ParseAPI.swift; sourceTree = "<group>"; };
		0736A919228D4D0700C96825 /* UdacityAPI.swift */ = {isa = PBXFileReference; lastKnownFileType = sourcecode.swift; path = UdacityAPI.swift; sourceTree = "<group>"; };
		0736A91B228D4E0300C96825 /* UdacityResponse.swift */ = {isa = PBXFileReference; lastKnownFileType = sourcecode.swift; path = UdacityResponse.swift; sourceTree = "<group>"; };
		0736A91D228D549D00C96825 /* LoginErrorResponse.swift */ = {isa = PBXFileReference; lastKnownFileType = sourcecode.swift; path = LoginErrorResponse.swift; sourceTree = "<group>"; };
		0736A91F228D5DA600C96825 /* LoginReguest.swift */ = {isa = PBXFileReference; lastKnownFileType = sourcecode.swift; path = LoginReguest.swift; sourceTree = "<group>"; };
		0736A9212290454300C96825 /* User.swift */ = {isa = PBXFileReference; lastKnownFileType = sourcecode.swift; path = User.swift; sourceTree = "<group>"; };
		0736A9232290460B00C96825 /* LogoutResponse.swift */ = {isa = PBXFileReference; lastKnownFileType = sourcecode.swift; path = LogoutResponse.swift; sourceTree = "<group>"; };
		0736A925229047E500C96825 /* GenerealTabControllers.swift */ = {isa = PBXFileReference; lastKnownFileType = sourcecode.swift; path = GenerealTabControllers.swift; sourceTree = "<group>"; };
		0736A92922908E2600C96825 /* Alert.swift */ = {isa = PBXFileReference; lastKnownFileType = sourcecode.swift; path = Alert.swift; sourceTree = "<group>"; };
		0736A92B2293344E00C96825 /* PostNewLocationViewController.swift */ = {isa = PBXFileReference; lastKnownFileType = sourcecode.swift; path = PostNewLocationViewController.swift; sourceTree = "<group>"; };
		0736A92D2293348B00C96825 /* NewLocationRequest.swift */ = {isa = PBXFileReference; lastKnownFileType = sourcecode.swift; path = NewLocationRequest.swift; sourceTree = "<group>"; };
		0736A92F229337B600C96825 /* NewLocationResponse.swift */ = {isa = PBXFileReference; lastKnownFileType = sourcecode.swift; path = NewLocationResponse.swift; sourceTree = "<group>"; };
		0736A9312293381400C96825 /* FailureNewLocationResponse.swift */ = {isa = PBXFileReference; lastKnownFileType = sourcecode.swift; path = FailureNewLocationResponse.swift; sourceTree = "<group>"; };
		078EBEE6226C7F5B00AAEA13 /* onTheMap.app */ = {isa = PBXFileReference; explicitFileType = wrapper.application; includeInIndex = 0; path = onTheMap.app; sourceTree = BUILT_PRODUCTS_DIR; };
		078EBEE9226C7F5B00AAEA13 /* AppDelegate.swift */ = {isa = PBXFileReference; lastKnownFileType = sourcecode.swift; path = AppDelegate.swift; sourceTree = "<group>"; };
		078EBEEB226C7F5B00AAEA13 /* LoginViewController.swift */ = {isa = PBXFileReference; lastKnownFileType = sourcecode.swift; path = LoginViewController.swift; sourceTree = "<group>"; };
		078EBEEE226C7F5B00AAEA13 /* Base */ = {isa = PBXFileReference; lastKnownFileType = file.storyboard; name = Base; path = Base.lproj/Main.storyboard; sourceTree = "<group>"; };
		078EBEF0226C7F5F00AAEA13 /* Assets.xcassets */ = {isa = PBXFileReference; lastKnownFileType = folder.assetcatalog; path = Assets.xcassets; sourceTree = "<group>"; };
		078EBEF3226C7F5F00AAEA13 /* Base */ = {isa = PBXFileReference; lastKnownFileType = file.storyboard; name = Base; path = Base.lproj/LaunchScreen.storyboard; sourceTree = "<group>"; };
		078EBEF5226C7F5F00AAEA13 /* Info.plist */ = {isa = PBXFileReference; lastKnownFileType = text.plist.xml; path = Info.plist; sourceTree = "<group>"; };
		078EBEFE226C9E6200AAEA13 /* TableViewCell.swift */ = {isa = PBXFileReference; lastKnownFileType = sourcecode.swift; path = TableViewCell.swift; sourceTree = "<group>"; };
		078EBF00226C9FBD00AAEA13 /* StudentInformation.swift */ = {isa = PBXFileReference; lastKnownFileType = sourcecode.swift; path = StudentInformation.swift; sourceTree = "<group>"; };
		078EBF02226CA32000AAEA13 /* OneTheMapStoreInformation.swift */ = {isa = PBXFileReference; lastKnownFileType = sourcecode.swift; path = OneTheMapStoreInformation.swift; sourceTree = "<group>"; };
		07F276DA22707E5900BA5C8C /* OnTheMapTableViewController.swift */ = {isa = PBXFileReference; fileEncoding = 4; lastKnownFileType = sourcecode.swift; path = OnTheMapTableViewController.swift; sourceTree = "<group>"; };
		07F276DC227192FC00BA5C8C /* InformationPostingView.swift */ = {isa = PBXFileReference; fileEncoding = 4; lastKnownFileType = sourcecode.swift; path = InformationPostingView.swift; sourceTree = "<group>"; };
		07F276DE227197E300BA5C8C /* OnTheMapViewController.swift */ = {isa = PBXFileReference; lastKnownFileType = sourcecode.swift; path = OnTheMapViewController.swift; sourceTree = "<group>"; };
/* End PBXFileReference section */

/* Begin PBXFrameworksBuildPhase section */
		078EBEE3226C7F5B00AAEA13 /* Frameworks */ = {
			isa = PBXFrameworksBuildPhase;
			buildActionMask = 2147483647;
			files = (
			);
			runOnlyForDeploymentPostprocessing = 0;
		};
/* End PBXFrameworksBuildPhase section */

/* Begin PBXGroup section */
		07256D2F2282C0F800E07819 /* Response */ = {
			isa = PBXGroup;
			children = (
				07256D312282C16500E07819 /* StudentInformationResponse.swift */,
				0736A91B228D4E0300C96825 /* UdacityResponse.swift */,
				0736A91D228D549D00C96825 /* LoginErrorResponse.swift */,
				0736A9232290460B00C96825 /* LogoutResponse.swift */,
				0736A92F229337B600C96825 /* NewLocationResponse.swift */,
				0736A9312293381400C96825 /* FailureNewLocationResponse.swift */,
			);
			name = Response;
			path = ..;
			sourceTree = "<group>";
		};
		07256D302282C12B00E07819 /* Request */ = {
			isa = PBXGroup;
			children = (
				0736A91F228D5DA600C96825 /* LoginReguest.swift */,
				0736A92D2293348B00C96825 /* NewLocationRequest.swift */,
			);
			name = Request;
			path = ..;
			sourceTree = "<group>";
		};
		07256D332282C1CD00E07819 /* Data */ = {
			isa = PBXGroup;
			children = (
				078EBF00226C9FBD00AAEA13 /* StudentInformation.swift */,
				078EBF02226CA32000AAEA13 /* OneTheMapStoreInformation.swift */,
				0736A9212290454300C96825 /* User.swift */,
			);
			path = Data;
			sourceTree = "<group>";
		};
		07256D342282C1F300E07819 /* API Manager */ = {
			isa = PBXGroup;
			children = (
				07256D362282C33F00E07819 /* ParseAPI.swift */,
				0736A919228D4D0700C96825 /* UdacityAPI.swift */,
			);
			name = "API Manager";
			sourceTree = "<group>";
		};
		07256D352282C21800E07819 /* View */ = {
			isa = PBXGroup;
			children = (
				0736A92922908E2600C96825 /* Alert.swift */,
				078EBEED226C7F5B00AAEA13 /* Main.storyboard */,
				078EBEF0226C7F5F00AAEA13 /* Assets.xcassets */,
				078EBEF2226C7F5F00AAEA13 /* LaunchScreen.storyboard */,
			);
			path = View;
			sourceTree = "<group>";
		};
		078EBEDD226C7F5B00AAEA13 = {
			isa = PBXGroup;
			children = (
				078EBEE8226C7F5B00AAEA13 /* onTheMap */,
				078EBEE7226C7F5B00AAEA13 /* Products */,
			);
			sourceTree = "<group>";
		};
		078EBEE7226C7F5B00AAEA13 /* Products */ = {
			isa = PBXGroup;
			children = (
				078EBEE6226C7F5B00AAEA13 /* onTheMap.app */,
			);
			name = Products;
			sourceTree = "<group>";
		};
		078EBEE8226C7F5B00AAEA13 /* onTheMap */ = {
			isa = PBXGroup;
			children = (
				078EBEFC226C7FAE00AAEA13 /* Models */,
				078EBEFD226C7FC000AAEA13 /* Cells */,
				078EBEFB226C7FA000AAEA13 /* Controllers */,
				07256D352282C21800E07819 /* View */,
				078EBEF5226C7F5F00AAEA13 /* Info.plist */,
				078EBEE9226C7F5B00AAEA13 /* AppDelegate.swift */,
			);
			path = onTheMap;
			sourceTree = "<group>";
		};
		078EBEFB226C7FA000AAEA13 /* Controllers */ = {
			isa = PBXGroup;
			children = (
				07F276DC227192FC00BA5C8C /* InformationPostingView.swift */,
				0736A92B2293344E00C96825 /* PostNewLocationViewController.swift */,
				07F276DA22707E5900BA5C8C /* OnTheMapTableViewController.swift */,
				078EBEEB226C7F5B00AAEA13 /* LoginViewController.swift */,
				07F276DE227197E300BA5C8C /* OnTheMapViewController.swift */,
				0736A925229047E500C96825 /* GenerealTabControllers.swift */,
			);
			path = Controllers;
			sourceTree = "<group>";
		};
		078EBEFC226C7FAE00AAEA13 /* Models */ = {
			isa = PBXGroup;
			children = (
				07256D342282C1F300E07819 /* API Manager */,
				07256D332282C1CD00E07819 /* Data */,
				07256D302282C12B00E07819 /* Request */,
				07256D2F2282C0F800E07819 /* Response */,
			);
			path = Models;
			sourceTree = "<group>";
		};
		078EBEFD226C7FC000AAEA13 /* Cells */ = {
			isa = PBXGroup;
			children = (
				078EBEFE226C9E6200AAEA13 /* TableViewCell.swift */,
			);
			path = Cells;
			sourceTree = "<group>";
		};
/* End PBXGroup section */

/* Begin PBXNativeTarget section */
		078EBEE5226C7F5B00AAEA13 /* onTheMap */ = {
			isa = PBXNativeTarget;
			buildConfigurationList = 078EBEF8226C7F5F00AAEA13 /* Build configuration list for PBXNativeTarget "onTheMap" */;
			buildPhases = (
				078EBEE2226C7F5B00AAEA13 /* Sources */,
				078EBEE3226C7F5B00AAEA13 /* Frameworks */,
				078EBEE4226C7F5B00AAEA13 /* Resources */,
			);
			buildRules = (
			);
			dependencies = (
			);
			name = onTheMap;
			productName = onTheMap;
			productReference = 078EBEE6226C7F5B00AAEA13 /* onTheMap.app */;
			productType = "com.apple.product-type.application";
		};
/* End PBXNativeTarget section */

/* Begin PBXProject section */
		078EBEDE226C7F5B00AAEA13 /* Project object */ = {
			isa = PBXProject;
			attributes = {
				LastSwiftUpdateCheck = 1010;
				LastUpgradeCheck = 1010;
				ORGANIZATIONNAME = "Omar Yahya Alfawzan";
				TargetAttributes = {
					078EBEE5226C7F5B00AAEA13 = {
						CreatedOnToolsVersion = 10.1;
					};
				};
			};
			buildConfigurationList = 078EBEE1226C7F5B00AAEA13 /* Build configuration list for PBXProject "onTheMap" */;
			compatibilityVersion = "Xcode 9.3";
			developmentRegion = en;
			hasScannedForEncodings = 0;
			knownRegions = (
				en,
				Base,
			);
			mainGroup = 078EBEDD226C7F5B00AAEA13;
			productRefGroup = 078EBEE7226C7F5B00AAEA13 /* Products */;
			projectDirPath = "";
			projectRoot = "";
			targets = (
				078EBEE5226C7F5B00AAEA13 /* onTheMap */,
			);
		};
/* End PBXProject section */

/* Begin PBXResourcesBuildPhase section */
		078EBEE4226C7F5B00AAEA13 /* Resources */ = {
			isa = PBXResourcesBuildPhase;
			buildActionMask = 2147483647;
			files = (
				078EBEF4226C7F5F00AAEA13 /* LaunchScreen.storyboard in Resources */,
				078EBEF1226C7F5F00AAEA13 /* Assets.xcassets in Resources */,
				078EBEEF226C7F5B00AAEA13 /* Main.storyboard in Resources */,
			);
			runOnlyForDeploymentPostprocessing = 0;
		};
/* End PBXResourcesBuildPhase section */

/* Begin PBXSourcesBuildPhase section */
		078EBEE2226C7F5B00AAEA13 /* Sources */ = {
			isa = PBXSourcesBuildPhase;
			buildActionMask = 2147483647;
			files = (
				07256D372282C33F00E07819 /* ParseAPI.swift in Sources */,
				078EBF01226C9FBD00AAEA13 /* StudentInformation.swift in Sources */,
				0736A926229047E500C96825 /* GenerealTabControllers.swift in Sources */,
				078EBF03226CA32000AAEA13 /* OneTheMapStoreInformation.swift in Sources */,
				0736A920228D5DA600C96825 /* LoginReguest.swift in Sources */,
				0736A92A22908E2600C96825 /* Alert.swift in Sources */,
				07F276DF227197E300BA5C8C /* OnTheMapViewController.swift in Sources */,
				078EBEFF226C9E6200AAEA13 /* TableViewCell.swift in Sources */,
				0736A92E2293348B00C96825 /* NewLocationRequest.swift in Sources */,
				07F276DB22707E5900BA5C8C /* OnTheMapTableViewController.swift in Sources */,
				078EBEEC226C7F5B00AAEA13 /* LoginViewController.swift in Sources */,
				0736A9242290460B00C96825 /* LogoutResponse.swift in Sources */,
				0736A930229337B600C96825 /* NewLocationResponse.swift in Sources */,
				0736A9222290454300C96825 /* User.swift in Sources */,
				07F276DD227192FD00BA5C8C /* InformationPostingView.swift in Sources */,
				0736A91E228D549D00C96825 /* LoginErrorResponse.swift in Sources */,
				0736A91A228D4D0700C96825 /* UdacityAPI.swift in Sources */,
				07256D322282C16500E07819 /* StudentInformationResponse.swift in Sources */,
				0736A91C228D4E0300C96825 /* UdacityResponse.swift in Sources */,
				0736A9322293381400C96825 /* FailureNewLocationResponse.swift in Sources */,
				078EBEEA226C7F5B00AAEA13 /* AppDelegate.swift in Sources */,
				0736A92C2293344E00C96825 /* PostNewLocationViewController.swift in Sources */,
			);
			runOnlyForDeploymentPostprocessing = 0;
		};
/* End PBXSourcesBuildPhase section */

/* Begin PBXVariantGroup section */
		078EBEED226C7F5B00AAEA13 /* Main.storyboard */ = {
			isa = PBXVariantGroup;
			children = (
				078EBEEE226C7F5B00AAEA13 /* Base */,
			);
			name = Main.storyboard;
			sourceTree = "<group>";
		};
		078EBEF2226C7F5F00AAEA13 /* LaunchScreen.storyboard */ = {
			isa = PBXVariantGroup;
			children = (
				078EBEF3226C7F5F00AAEA13 /* Base */,
			);
			name = LaunchScreen.storyboard;
			sourceTree = "<group>";
		};
/* End PBXVariantGroup section */

/* Begin XCBuildConfiguration section */
		078EBEF6226C7F5F00AAEA13 /* Debug */ = {
			isa = XCBuildConfiguration;
			buildSettings = {
				ALWAYS_SEARCH_USER_PATHS = NO;
				CLANG_ANALYZER_NONNULL = YES;
				CLANG_ANALYZER_NUMBER_OBJECT_CONVERSION = YES_AGGRESSIVE;
				CLANG_CXX_LANGUAGE_STANDARD = "gnu++14";
				CLANG_CXX_LIBRARY = "libc++";
				CLANG_ENABLE_MODULES = YES;
				CLANG_ENABLE_OBJC_ARC = YES;
				CLANG_ENABLE_OBJC_WEAK = YES;
				CLANG_WARN_BLOCK_CAPTURE_AUTORELEASING = YES;
				CLANG_WARN_BOOL_CONVERSION = YES;
				CLANG_WARN_COMMA = YES;
				CLANG_WARN_CONSTANT_CONVERSION = YES;
				CLANG_WARN_DEPRECATED_OBJC_IMPLEMENTATIONS = YES;
				CLANG_WARN_DIRECT_OBJC_ISA_USAGE = YES_ERROR;
				CLANG_WARN_DOCUMENTATION_COMMENTS = YES;
				CLANG_WARN_EMPTY_BODY = YES;
				CLANG_WARN_ENUM_CONVERSION = YES;
				CLANG_WARN_INFINITE_RECURSION = YES;
				CLANG_WARN_INT_CONVERSION = YES;
				CLANG_WARN_NON_LITERAL_NULL_CONVERSION = YES;
				CLANG_WARN_OBJC_IMPLICIT_RETAIN_SELF = YES;
				CLANG_WARN_OBJC_LITERAL_CONVERSION = YES;
				CLANG_WARN_OBJC_ROOT_CLASS = YES_ERROR;
				CLANG_WARN_RANGE_LOOP_ANALYSIS = YES;
				CLANG_WARN_STRICT_PROTOTYPES = YES;
				CLANG_WARN_SUSPICIOUS_MOVE = YES;
				CLANG_WARN_UNGUARDED_AVAILABILITY = YES_AGGRESSIVE;
				CLANG_WARN_UNREACHABLE_CODE = YES;
				CLANG_WARN__DUPLICATE_METHOD_MATCH = YES;
				CODE_SIGN_IDENTITY = "iPhone Developer";
				COPY_PHASE_STRIP = NO;
				DEBUG_INFORMATION_FORMAT = dwarf;
				ENABLE_STRICT_OBJC_MSGSEND = YES;
				ENABLE_TESTABILITY = YES;
				GCC_C_LANGUAGE_STANDARD = gnu11;
				GCC_DYNAMIC_NO_PIC = NO;
				GCC_NO_COMMON_BLOCKS = YES;
				GCC_OPTIMIZATION_LEVEL = 0;
				GCC_PREPROCESSOR_DEFINITIONS = (
					"DEBUG=1",
					"$(inherited)",
				);
				GCC_WARN_64_TO_32_BIT_CONVERSION = YES;
				GCC_WARN_ABOUT_RETURN_TYPE = YES_ERROR;
				GCC_WARN_UNDECLARED_SELECTOR = YES;
				GCC_WARN_UNINITIALIZED_AUTOS = YES_AGGRESSIVE;
				GCC_WARN_UNUSED_FUNCTION = YES;
				GCC_WARN_UNUSED_VARIABLE = YES;
				IPHONEOS_DEPLOYMENT_TARGET = 12.1;
				MTL_ENABLE_DEBUG_INFO = INCLUDE_SOURCE;
				MTL_FAST_MATH = YES;
				ONLY_ACTIVE_ARCH = YES;
				SDKROOT = iphoneos;
				SWIFT_ACTIVE_COMPILATION_CONDITIONS = DEBUG;
				SWIFT_OPTIMIZATION_LEVEL = "-Onone";
			};
			name = Debug;
		};
		078EBEF7226C7F5F00AAEA13 /* Release */ = {
			isa = XCBuildConfiguration;
			buildSettings = {
				ALWAYS_SEARCH_USER_PATHS = NO;
				CLANG_ANALYZER_NONNULL = YES;
				CLANG_ANALYZER_NUMBER_OBJECT_CONVERSION = YES_AGGRESSIVE;
				CLANG_CXX_LANGUAGE_STANDARD = "gnu++14";
				CLANG_CXX_LIBRARY = "libc++";
				CLANG_ENABLE_MODULES = YES;
				CLANG_ENABLE_OBJC_ARC = YES;
				CLANG_ENABLE_OBJC_WEAK = YES;
				CLANG_WARN_BLOCK_CAPTURE_AUTORELEASING = YES;
				CLANG_WARN_BOOL_CONVERSION = YES;
				CLANG_WARN_COMMA = YES;
				CLANG_WARN_CONSTANT_CONVERSION = YES;
				CLANG_WARN_DEPRECATED_OBJC_IMPLEMENTATIONS = YES;
				CLANG_WARN_DIRECT_OBJC_ISA_USAGE = YES_ERROR;
				CLANG_WARN_DOCUMENTATION_COMMENTS = YES;
				CLANG_WARN_EMPTY_BODY = YES;
				CLANG_WARN_ENUM_CONVERSION = YES;
				CLANG_WARN_INFINITE_RECURSION = YES;
				CLANG_WARN_INT_CONVERSION = YES;
				CLANG_WARN_NON_LITERAL_NULL_CONVERSION = YES;
				CLANG_WARN_OBJC_IMPLICIT_RETAIN_SELF = YES;
				CLANG_WARN_OBJC_LITERAL_CONVERSION = YES;
				CLANG_WARN_OBJC_ROOT_CLASS = YES_ERROR;
				CLANG_WARN_RANGE_LOOP_ANALYSIS = YES;
				CLANG_WARN_STRICT_PROTOTYPES = YES;
				CLANG_WARN_SUSPICIOUS_MOVE = YES;
				CLANG_WARN_UNGUARDED_AVAILABILITY = YES_AGGRESSIVE;
				CLANG_WARN_UNREACHABLE_CODE = YES;
				CLANG_WARN__DUPLICATE_METHOD_MATCH = YES;
				CODE_SIGN_IDENTITY = "iPhone Developer";
				COPY_PHASE_STRIP = NO;
				DEBUG_INFORMATION_FORMAT = "dwarf-with-dsym";
				ENABLE_NS_ASSERTIONS = NO;
				ENABLE_STRICT_OBJC_MSGSEND = YES;
				GCC_C_LANGUAGE_STANDARD = gnu11;
				GCC_NO_COMMON_BLOCKS = YES;
				GCC_WARN_64_TO_32_BIT_CONVERSION = YES;
				GCC_WARN_ABOUT_RETURN_TYPE = YES_ERROR;
				GCC_WARN_UNDECLARED_SELECTOR = YES;
				GCC_WARN_UNINITIALIZED_AUTOS = YES_AGGRESSIVE;
				GCC_WARN_UNUSED_FUNCTION = YES;
				GCC_WARN_UNUSED_VARIABLE = YES;
				IPHONEOS_DEPLOYMENT_TARGET = 12.1;
				MTL_ENABLE_DEBUG_INFO = NO;
				MTL_FAST_MATH = YES;
				SDKROOT = iphoneos;
				SWIFT_COMPILATION_MODE = wholemodule;
				SWIFT_OPTIMIZATION_LEVEL = "-O";
				VALIDATE_PRODUCT = YES;
			};
			name = Release;
		};
		078EBEF9226C7F5F00AAEA13 /* Debug */ = {
			isa = XCBuildConfiguration;
			buildSettings = {
				ASSETCATALOG_COMPILER_APPICON_NAME = AppIcon;
				CODE_SIGN_STYLE = Automatic;
				DEVELOPMENT_TEAM = NA4JNG3MPH;
				INFOPLIST_FILE = onTheMap/Info.plist;
				LD_RUNPATH_SEARCH_PATHS = (
					"$(inherited)",
					"@executable_path/Frameworks",
				);
				PRODUCT_BUNDLE_IDENTIFIER = misk.onTheMap;
				PRODUCT_NAME = "$(TARGET_NAME)";
				SWIFT_VERSION = 4.2;
				TARGETED_DEVICE_FAMILY = "1,2";
			};
			name = Debug;
		};
		078EBEFA226C7F5F00AAEA13 /* Release */ = {
			isa = XCBuildConfiguration;
			buildSettings = {
				ASSETCATALOG_COMPILER_APPICON_NAME = AppIcon;
				CODE_SIGN_STYLE = Automatic;
				DEVELOPMENT_TEAM = NA4JNG3MPH;
				INFOPLIST_FILE = onTheMap/Info.plist;
				LD_RUNPATH_SEARCH_PATHS = (
					"$(inherited)",
					"@executable_path/Frameworks",
				);
				PRODUCT_BUNDLE_IDENTIFIER = misk.onTheMap;
				PRODUCT_NAME = "$(TARGET_NAME)";
				SWIFT_VERSION = 4.2;
				TARGETED_DEVICE_FAMILY = "1,2";
			};
			name = Release;
		};
/* End XCBuildConfiguration section */

/* Begin XCConfigurationList section */
		078EBEE1226C7F5B00AAEA13 /* Build configuration list for PBXProject "onTheMap" */ = {
			isa = XCConfigurationList;
			buildConfigurations = (
				078EBEF6226C7F5F00AAEA13 /* Debug */,
				078EBEF7226C7F5F00AAEA13 /* Release */,
			);
			defaultConfigurationIsVisible = 0;
			defaultConfigurationName = Release;
		};
		078EBEF8226C7F5F00AAEA13 /* Build configuration list for PBXNativeTarget "onTheMap" */ = {
			isa = XCConfigurationList;
			buildConfigurations = (
				078EBEF9226C7F5F00AAEA13 /* Debug */,
				078EBEFA226C7F5F00AAEA13 /* Release */,
			);
			defaultConfigurationIsVisible = 0;
			defaultConfigurationName = Release;
		};
/* End XCConfigurationList section */
	};
	rootObject = 078EBEDE226C7F5B00AAEA13 /* Project object */;
}
